
Microsoft Visual Studio Solution File, Format Version 12.00
# Visual Studio Version 17
VisualStudioVersion = 17.7.34221.43
MinimumVisualStudioVersion = 10.0.40219.1
Project("{FAE04EC0-301F-11D3-BF4B-00C04F79EFBC}") = "Clinic Registration system", "Clinic Registration system\Clinic Registration system.csproj", "{934C216B-D475-4DB5-BE98-B931F4BAB93D}"
EndProject
Global
	GlobalSection(SolutionConfigurationPlatforms) = preSolution
		Debug|Any CPU = Debug|Any CPU
		Release|Any CPU = Release|Any CPU
	EndGlobalSection
	GlobalSection(ProjectConfigurationPlatforms) = postSolution
		{934C216B-D475-4DB5-BE98-B931F4BAB93D}.Debug|Any CPU.ActiveCfg = Debug|Any CPU
		{934C216B-D475-4DB5-BE98-B931F4BAB93D}.Debug|Any CPU.Build.0 = Debug|Any CPU
		{934C216B-D475-4DB5-BE98-B931F4BAB93D}.Release|Any CPU.ActiveCfg = Release|Any CPU
		{934C216B-D475-4DB5-BE98-B931F4BAB93D}.Release|Any CPU.Build.0 = Release|Any CPU
	EndGlobalSection
	GlobalSection(SolutionProperties) = preSolution
		HideSolutionNode = FALSE
	EndGlobalSection
	GlobalSection(ExtensibilityGlobals) = postSolution
		SolutionGuid = {D9F6F13B-49B2-40CC-99C1-2BBC0DA1DF71}
	EndGlobalSection
EndGlobal
